
Microsoft Visual Studio Solution File, Format Version 11.00
# Visual Studio 2010
Project("{FAE04EC0-301F-11D3-BF4B-00C04F79EFBC}") = "PingPongFight", "PingPongFight\PingPongFight\PingPongFight.csproj", "{ED002648-04DF-4150-B12F-C8AC92F46057}"
EndProject
Project("{96E2B04D-8817-42C6-938A-82C39BA4D311}") = "PingPongFightContent", "PingPongFight\PingPongFightContent\PingPongFightContent.contentproj", "{625B9995-7CDA-466D-9FA3-173D187B1B0D}"
EndProject
Global
	GlobalSection(SolutionConfigurationPlatforms) = preSolution
		Debug|Windows Phone = Debug|Windows Phone
		Release|Windows Phone = Release|Windows Phone
	EndGlobalSection
	GlobalSection(ProjectConfigurationPlatforms) = postSolution
		{ED002648-04DF-4150-B12F-C8AC92F46057}.Debug|Windows Phone.ActiveCfg = Debug|Windows Phone
		{ED002648-04DF-4150-B12F-C8AC92F46057}.Debug|Windows Phone.Build.0 = Debug|Windows Phone
		{ED002648-04DF-4150-B12F-C8AC92F46057}.Debug|Windows Phone.Deploy.0 = Debug|Windows Phone
		{ED002648-04DF-4150-B12F-C8AC92F46057}.Release|Windows Phone.ActiveCfg = Release|Windows Phone
		{ED002648-04DF-4150-B12F-C8AC92F46057}.Release|Windows Phone.Build.0 = Release|Windows Phone
		{ED002648-04DF-4150-B12F-C8AC92F46057}.Release|Windows Phone.Deploy.0 = Release|Windows Phone
		{625B9995-7CDA-466D-9FA3-173D187B1B0D}.Debug|Windows Phone.ActiveCfg = Debug|Windows Phone
		{625B9995-7CDA-466D-9FA3-173D187B1B0D}.Release|Windows Phone.ActiveCfg = Release|Windows Phone
	EndGlobalSection
	GlobalSection(SolutionProperties) = preSolution
		HideSolutionNode = FALSE
	EndGlobalSection
EndGlobal
